
Microsoft Visual Studio Solution File, Format Version 12.00
# Visual Studio Version 17
VisualStudioVersion = 17.4.33213.308
MinimumVisualStudioVersion = 10.0.40219.1
Project("{9A19103F-16F7-4668-BE54-9A1E7A4F7556}") = "ProcesoNocturno", "ProcesoNocturno\ProcesoNocturno.csproj", "{5DDD7B96-4D71-4113-AB27-C5F66E71EF7C}"
EndProject
Project("{2150E333-8FDC-42A3-9474-1A3956D46DE8}") = "03.-Procesos", "03.-Procesos", "{3B415079-D5DE-47E8-B34F-7C8F53E34F5B}"
EndProject
Project("{2150E333-8FDC-42A3-9474-1A3956D46DE8}") = "01.-Front", "01.-Front", "{989DCB82-0651-42CD-A580-F200B14A9B44}"
EndProject
Project("{2150E333-8FDC-42A3-9474-1A3956D46DE8}") = "02.-Back", "02.-Back", "{4347DB77-E438-426C-8D9C-ABF1BA874D5C}"
EndProject
Project("{2150E333-8FDC-42A3-9474-1A3956D46DE8}") = "04.-Repositorio", "04.-Repositorio", "{264DDC0D-B466-4599-917A-A2A0BCBB5291}"
EndProject
Project("{9A19103F-16F7-4668-BE54-9A1E7A4F7556}") = "WebEventos", "WebEventos\WebEventos.csproj", "{07C4DD0E-B747-4E73-9A63-10C87BF82B42}"
EndProject
Project("{9A19103F-16F7-4668-BE54-9A1E7A4F7556}") = "ApiEventos", "ApiEventos\ApiEventos.csproj", "{B310CF41-C1D9-428E-9F93-1712D038DF3A}"
EndProject
Project("{9A19103F-16F7-4668-BE54-9A1E7A4F7556}") = "BlazorEventos", "BlazorEventos\BlazorEventos.csproj", "{203A728C-15D1-4006-AB29-345337D99299}"
EndProject
Project("{9A19103F-16F7-4668-BE54-9A1E7A4F7556}") = "Entidades", "Entidades\Entidades.csproj", "{2F76D205-0DF1-4824-8F4B-34CCCA10406E}"
EndProject
Project("{9A19103F-16F7-4668-BE54-9A1E7A4F7556}") = "Utilidades", "Utilidades\Utilidades.csproj", "{2374BCF8-AAD8-48E2-A9B0-419B1755775D}"
EndProject
Project("{9A19103F-16F7-4668-BE54-9A1E7A4F7556}") = "Negocio", "Negocio\Negocio.csproj", "{09E041DE-7054-446E-B262-9A12F6E3BB68}"
EndProject
Project("{9A19103F-16F7-4668-BE54-9A1E7A4F7556}") = "ProcesoMigracion", "ProcesoMigracion\ProcesoMigracion.csproj", "{DACC0092-ED1D-4CBE-9F3E-DD7CFD8EEF45}"
EndProject
Project("{9A19103F-16F7-4668-BE54-9A1E7A4F7556}") = "BDEventos", "BDEventos\BDEventos.csproj", "{E3A8606F-5AB0-48E7-ADFC-136CBDBE4414}"
EndProject
Global
	GlobalSection(SolutionConfigurationPlatforms) = preSolution
		Debug|Any CPU = Debug|Any CPU
		Release|Any CPU = Release|Any CPU
	EndGlobalSection
	GlobalSection(ProjectConfigurationPlatforms) = postSolution
		{5DDD7B96-4D71-4113-AB27-C5F66E71EF7C}.Debug|Any CPU.ActiveCfg = Debug|Any CPU
		{5DDD7B96-4D71-4113-AB27-C5F66E71EF7C}.Debug|Any CPU.Build.0 = Debug|Any CPU
		{5DDD7B96-4D71-4113-AB27-C5F66E71EF7C}.Release|Any CPU.ActiveCfg = Release|Any CPU
		{5DDD7B96-4D71-4113-AB27-C5F66E71EF7C}.Release|Any CPU.Build.0 = Release|Any CPU
		{07C4DD0E-B747-4E73-9A63-10C87BF82B42}.Debug|Any CPU.ActiveCfg = Debug|Any CPU
		{07C4DD0E-B747-4E73-9A63-10C87BF82B42}.Debug|Any CPU.Build.0 = Debug|Any CPU
		{07C4DD0E-B747-4E73-9A63-10C87BF82B42}.Release|Any CPU.ActiveCfg = Release|Any CPU
		{07C4DD0E-B747-4E73-9A63-10C87BF82B42}.Release|Any CPU.Build.0 = Release|Any CPU
		{B310CF41-C1D9-428E-9F93-1712D038DF3A}.Debug|Any CPU.ActiveCfg = Debug|Any CPU
		{B310CF41-C1D9-428E-9F93-1712D038DF3A}.Debug|Any CPU.Build.0 = Debug|Any CPU
		{B310CF41-C1D9-428E-9F93-1712D038DF3A}.Release|Any CPU.ActiveCfg = Release|Any CPU
		{B310CF41-C1D9-428E-9F93-1712D038DF3A}.Release|Any CPU.Build.0 = Release|Any CPU
		{203A728C-15D1-4006-AB29-345337D99299}.Debug|Any CPU.ActiveCfg = Debug|Any CPU
		{203A728C-15D1-4006-AB29-345337D99299}.Debug|Any CPU.Build.0 = Debug|Any CPU
		{203A728C-15D1-4006-AB29-345337D99299}.Release|Any CPU.ActiveCfg = Release|Any CPU
		{203A728C-15D1-4006-AB29-345337D99299}.Release|Any CPU.Build.0 = Release|Any CPU
		{2F76D205-0DF1-4824-8F4B-34CCCA10406E}.Debug|Any CPU.ActiveCfg = Debug|Any CPU
		{2F76D205-0DF1-4824-8F4B-34CCCA10406E}.Debug|Any CPU.Build.0 = Debug|Any CPU
		{2F76D205-0DF1-4824-8F4B-34CCCA10406E}.Release|Any CPU.ActiveCfg = Release|Any CPU
		{2F76D205-0DF1-4824-8F4B-34CCCA10406E}.Release|Any CPU.Build.0 = Release|Any CPU
		{2374BCF8-AAD8-48E2-A9B0-419B1755775D}.Debug|Any CPU.ActiveCfg = Debug|Any CPU
		{2374BCF8-AAD8-48E2-A9B0-419B1755775D}.Debug|Any CPU.Build.0 = Debug|Any CPU
		{2374BCF8-AAD8-48E2-A9B0-419B1755775D}.Release|Any CPU.ActiveCfg = Release|Any CPU
		{2374BCF8-AAD8-48E2-A9B0-419B1755775D}.Release|Any CPU.Build.0 = Release|Any CPU
		{09E041DE-7054-446E-B262-9A12F6E3BB68}.Debug|Any CPU.ActiveCfg = Debug|Any CPU
		{09E041DE-7054-446E-B262-9A12F6E3BB68}.Debug|Any CPU.Build.0 = Debug|Any CPU
		{09E041DE-7054-446E-B262-9A12F6E3BB68}.Release|Any CPU.ActiveCfg = Release|Any CPU
		{09E041DE-7054-446E-B262-9A12F6E3BB68}.Release|Any CPU.Build.0 = Release|Any CPU
		{DACC0092-ED1D-4CBE-9F3E-DD7CFD8EEF45}.Debug|Any CPU.ActiveCfg = Debug|Any CPU
		{DACC0092-ED1D-4CBE-9F3E-DD7CFD8EEF45}.Debug|Any CPU.Build.0 = Debug|Any CPU
		{DACC0092-ED1D-4CBE-9F3E-DD7CFD8EEF45}.Release|Any CPU.ActiveCfg = Release|Any CPU
		{DACC0092-ED1D-4CBE-9F3E-DD7CFD8EEF45}.Release|Any CPU.Build.0 = Release|Any CPU
		{E3A8606F-5AB0-48E7-ADFC-136CBDBE4414}.Debug|Any CPU.ActiveCfg = Debug|Any CPU
		{E3A8606F-5AB0-48E7-ADFC-136CBDBE4414}.Debug|Any CPU.Build.0 = Debug|Any CPU
		{E3A8606F-5AB0-48E7-ADFC-136CBDBE4414}.Release|Any CPU.ActiveCfg = Release|Any CPU
		{E3A8606F-5AB0-48E7-ADFC-136CBDBE4414}.Release|Any CPU.Build.0 = Release|Any CPU
	EndGlobalSection
	GlobalSection(SolutionProperties) = preSolution
		HideSolutionNode = FALSE
	EndGlobalSection
	GlobalSection(NestedProjects) = preSolution
		{5DDD7B96-4D71-4113-AB27-C5F66E71EF7C} = {3B415079-D5DE-47E8-B34F-7C8F53E34F5B}
		{07C4DD0E-B747-4E73-9A63-10C87BF82B42} = {989DCB82-0651-42CD-A580-F200B14A9B44}
		{B310CF41-C1D9-428E-9F93-1712D038DF3A} = {4347DB77-E438-426C-8D9C-ABF1BA874D5C}
		{203A728C-15D1-4006-AB29-345337D99299} = {989DCB82-0651-42CD-A580-F200B14A9B44}
		{2F76D205-0DF1-4824-8F4B-34CCCA10406E} = {264DDC0D-B466-4599-917A-A2A0BCBB5291}
		{2374BCF8-AAD8-48E2-A9B0-419B1755775D} = {264DDC0D-B466-4599-917A-A2A0BCBB5291}
		{09E041DE-7054-446E-B262-9A12F6E3BB68} = {264DDC0D-B466-4599-917A-A2A0BCBB5291}
		{DACC0092-ED1D-4CBE-9F3E-DD7CFD8EEF45} = {3B415079-D5DE-47E8-B34F-7C8F53E34F5B}
		{E3A8606F-5AB0-48E7-ADFC-136CBDBE4414} = {264DDC0D-B466-4599-917A-A2A0BCBB5291}
	EndGlobalSection
	GlobalSection(ExtensibilityGlobals) = postSolution
		SolutionGuid = {7B1AF3C0-CE96-4BF5-9413-834E8AB2C39F}
	EndGlobalSection
EndGlobal
